
Microsoft Visual Studio Solution File, Format Version 12.00
# Visual Studio Version 17
VisualStudioVersion = 17.3.32929.385
MinimumVisualStudioVersion = 10.0.40219.1
Project("{FAE04EC0-301F-11D3-BF4B-00C04F79EFBC}") = "CapitalPlacement", "CapitalPlacement.csproj", "{BB76AD33-1D8A-4C6B-9DB2-BED08A2C3FBC}"
EndProject
Global
	GlobalSection(SolutionConfigurationPlatforms) = preSolution
		Debug|Any CPU = Debug|Any CPU
		Release|Any CPU = Release|Any CPU
	EndGlobalSection
	GlobalSection(ProjectConfigurationPlatforms) = postSolution
		{BB76AD33-1D8A-4C6B-9DB2-BED08A2C3FBC}.Debug|Any CPU.ActiveCfg = Debug|Any CPU
		{BB76AD33-1D8A-4C6B-9DB2-BED08A2C3FBC}.Debug|Any CPU.Build.0 = Debug|Any CPU
		{BB76AD33-1D8A-4C6B-9DB2-BED08A2C3FBC}.Release|Any CPU.ActiveCfg = Release|Any CPU
		{BB76AD33-1D8A-4C6B-9DB2-BED08A2C3FBC}.Release|Any CPU.Build.0 = Release|Any CPU
	EndGlobalSection
	GlobalSection(SolutionProperties) = preSolution
		HideSolutionNode = FALSE
	EndGlobalSection
	GlobalSection(ExtensibilityGlobals) = postSolution
		SolutionGuid = {3FA4EE58-7B4B-4A13-BC98-DB495F3D0BCF}
	EndGlobalSection
EndGlobal
